
Microsoft Visual Studio Solution File, Format Version 12.00
# Visual Studio 15
VisualStudioVersion = 15.0.26430.6
MinimumVisualStudioVersion = 10.0.40219.1
Project("{FAE04EC0-301F-11D3-BF4B-00C04F79EFBC}") = "SimpleDartsChallenge", "SimpleDartsChallenge\SimpleDartsChallenge.csproj", "{CA1B6668-CEF6-412D-9DA2-424D015E93C3}"
EndProject
Project("{FAE04EC0-301F-11D3-BF4B-00C04F79EFBC}") = "Darts", "Darts\Darts.csproj", "{122293D4-A9C2-4F19-A572-4D667DC59862}"
EndProject
Global
	GlobalSection(SolutionConfigurationPlatforms) = preSolution
		Debug|Any CPU = Debug|Any CPU
		Release|Any CPU = Release|Any CPU
	EndGlobalSection
	GlobalSection(ProjectConfigurationPlatforms) = postSolution
		{CA1B6668-CEF6-412D-9DA2-424D015E93C3}.Debug|Any CPU.ActiveCfg = Debug|Any CPU
		{CA1B6668-CEF6-412D-9DA2-424D015E93C3}.Debug|Any CPU.Build.0 = Debug|Any CPU
		{CA1B6668-CEF6-412D-9DA2-424D015E93C3}.Release|Any CPU.ActiveCfg = Release|Any CPU
		{CA1B6668-CEF6-412D-9DA2-424D015E93C3}.Release|Any CPU.Build.0 = Release|Any CPU
		{122293D4-A9C2-4F19-A572-4D667DC59862}.Debug|Any CPU.ActiveCfg = Debug|Any CPU
		{122293D4-A9C2-4F19-A572-4D667DC59862}.Debug|Any CPU.Build.0 = Debug|Any CPU
		{122293D4-A9C2-4F19-A572-4D667DC59862}.Release|Any CPU.ActiveCfg = Release|Any CPU
		{122293D4-A9C2-4F19-A572-4D667DC59862}.Release|Any CPU.Build.0 = Release|Any CPU
	EndGlobalSection
	GlobalSection(SolutionProperties) = preSolution
		HideSolutionNode = FALSE
	EndGlobalSection
EndGlobal
